github.com/atotto/clipboard v0.1.4 h1:EH0zSVneZPSuFR11BlR9YppQTVDbh5+16AmcJi4g1z4=
github.com/atotto/clipboard v0.1.4/go.mod h1:ZY9tmq7sm5xIbd9bOK4onWV4S6X0u6GY7Vn0Yu86PYI=
github.com/kylelemons/godebug v1.1.0 h1:RPNrshWIDI6G2gRW9EHilWtl7Z6Sb1BR0xunSBf0SNc=
github.com/kylelemons/godebug v1.1.0/go.mod h1:9/0rRGxNHcop5bhtWyNeEfOS8JIWk580+fNqagV/RAw=
github.com/makiuchi-d/gozxing v0.1.1 h1:xxqijhoedi+/lZlhINteGbywIrewVdVv2wl9r5O9S1I=
github.com/makiuchi-d/gozxing v0.1.1/go.mod h1:eRIHbOjX7QWxLIDJoQuMLhuXg9LAuw6znsUtRkNw9DU=
github.com/mitchellh/go-homedir v1.1.0 h1:lukF9ziXFxDFPkA1vsr5zpc1XuPDn/wFntq5mG+4E0Y=
github.com/mitchellh/go-homedir v1.1.0/go.mod h1:SfyaCUpYCn1Vlf4IUYiD9fPX4A5wJrkLzIz1N1q0pr0=
github.com/pschlump/ReadConfig v1.0.13 h1:IFDfvtLGLETjo1W9ZweOOcWhDENTDwTxsdZIKuVS3mE=
github.com/pschlump/ReadConfig v1.0.13/go.mod h1:6dicF0DXIEPRKAybEP2NtIdrQDwCTBUzMws5fB6rDU8=
github.com/pschlump/ansi v1.0.10 h1:/0mcLwB7lcnkEsm9PwVn3M54cE3SLa9iGQVCl0kwgDI=
github.com/pschlump/ansi v1.0.10/go.mod h1:FNRT2g+l3Mb0NDLneP93/2eYWjgkRh6PhjFidEC3Oa0=
github.com/pschlump/dbgo v1.0.11 h1:02MoL6TNf3y3bEn+fsBUwiY3eFdFgmoFKV6sEP2Rwws=
github.com/pschlump/dbgo v1.0.11/go.mod h1:2ywWy2nJIdMmaBwr3ucCbnVXL/yjaoNcygcKcbE6W/k=
github.com/pschlump/filelib v1.0.15 h1:pqvTUAsBJN8pMAStfzd3P9pb0FReAUrCm2B5sgnb5BA=
github.com/pschlump/filelib v1.0.15/go.mod h1:AOVRf/K+wXgWYhsOc4ioeadyH1ANE3zob/Pgo+hoGGQ=
github.com/pschlump/go-colorable v0.1.0 h1:ZS5a2Csho2/6ET7BWlNV8LkVe6IU+L/Et2dbIhp4rQU=
github.com/pschlump/go-colorable v0.1.0/go.mod h1:BFfEJX7tHEh1cNJ93bwEv8p6FZA/MuuKSblzmm+lHAU=
github.com/pschlump/go-isatty v0.0.26 h1:LNq3UCXhi46kiHRcdSZK0EsB30kf+HGNJBAAc6yDw1s=
github.com/pschlump/go-isatty v0.0.26/go.mod h1:kzcFW2zqyji7u5I9sJ8xWVhDotbV1e30FCgAbyTABaI=
github.com/pschlump/goTemplateTools v1.0.1 h1:txMaADBc9R5YIOieo/Le/8fFV6o+rdjvPnl5Lme5+Pg=
github.com/pschlump/goTemplateTools v1.0.1/go.mod h1:zY+2+pNheP2WI1UjSppL2TGV8ttw6OHwueojkFHYR3w=
github.com/pschlump/goqrcode v1.1.0 h1:ydREbhRoJseXyWYrdovAuSR0Hg42i8x5g9+iPLqhps0=
github.com/pschlump/goqrcode v1.1.0/go.mod h1:0cxt/9GKl7jslepqZ9jca2W/IV0Gq2mN/4lK3PfeJxo=
github.com/pschlump/htotp v1.1.0 h1:+pA+sxU9kP1shDkRU1st8OXIAiWW4oNvBEim6V9M374=
github.com/pschlump/htotp v1.1.0/go.mod h1:ED+Y0DKFB2nQaeeBLykLMWLhQf2vv0SMqrqbRSYyKIU=
github.com/pschlump/json v1.12.1 h1:0E7lGxBvv7N+iY4p3/futCjRYAD62qpRL6+DdnZcSXY=
github.com/pschlump/json v1.12.1/go.mod h1:O7hZ/dn2YrWqDT4CG8CJKJCSIv6Z+Lv1wINCA7BHeJA=
github.com/pschlump/json5 v1.0.1 h1:RBE9L2VqLyUNJbaOxUehF2baXiFt+Dbd4p0C4PtWc5w=
github.com/pschlump/json5 v1.0.1/go.mod h1:d2TcHcswEy033SukNiTvb2YkGpv6Ow+Lmcr1vDLJlTM=
github.com/pschlump/jsonSyntaxErrorLib v1.0.13 h1:OknN7wtUMymIVXLAjpDjI1MO4SIddDWzW+M2uk5con8=
github.com/pschlump/jsonSyntaxErrorLib v1.0.13/go.mod h1:5tAQPRZ8l9LJt5t6SBOw7uJX0drFT6NXzM8oAJhyGiw=
github.com/robertkrimen/otto v0.5.1 h1:avDI4ToRk8k1hppLdYFTuuzND41n37vPGJU7547dGf0=
github.com/robertkrimen/otto v0.5.1/go.mod h1:bS433I4Q9p+E5pZLu7r17vP6FkE6/wLxBdmKjoqJXF8=
golang.org/x/crypto v0.55.0 h1:+KWHjbgOaAQ66dh/YlkZKHlz9ZUlq61AFirAR9ntP8M=
golang.org/x/crypto v0.55.0/go.mod h1:uq0V9dE/fzQuJtbnL+2EhWOE63vo164FY8xqEnV9xis=
golang.org/x/sys v0.47.0 h1:o7XGOvZQCADBQQ4Y7VNq2dRWQR7JmOUW8Kxx4ZsNgWs=
golang.org/x/sys v0.47.0/go.mod h1:4GL1E5IUh+htKOUEOaiffhrAeqysfVGipDYzABqnCmw=
golang.org/x/text v0.41.0 h1:vz/seA0lnX87Othu2f/0L24RcgrXD9/YFTSuGjj3rH8=
golang.org/x/text v0.41.0/go.mod h1:jvf1O8ajNzZqhSrQBPbutR/EB83Cc0CFrezNQIwbb5M=
golang.org/x/xerrors v0.0.0-20240903120638-7835f813f4da h1:noIWHXmPHxILtqtCOPIhSt0ABwskkZKjD3bXGnZGpNY=
golang.org/x/xerrors v0.0.0-20240903120638-7835f813f4da/go.mod h1:NDW/Ps6MPRej6fsCIbMTohpP40sJ/P/vI1MoTEGwX90=
gopkg.in/sourcemap.v1 v1.0.5 h1:inv58fC9f9J3TK2Y2R1NPntXEn3/wjWHkonhIUODNTI=
gopkg.in/sourcemap.v1 v1.0.5/go.mod h1:2RlvNNSMglmRrcvhfuzp4hQHwOtjxlbjX7UPY/GXb78=
