github.com/atotto/clipboard v0.1.4 h1:EH0zSVneZPSuFR11BlR9YppQTVDbh5+16AmcJi4g1z4=
github.com/atotto/clipboard v0.1.4/go.mod h1:ZY9tmq7sm5xIbd9bOK4onWV4S6X0u6GY7Vn0Yu86PYI=
github.com/fatih/structtag v1.2.0 h1:/OdNE99OxoI/PqaW/SuSK9uxxT3f/tcSZgon/ssNSx4=
github.com/fatih/structtag v1.2.0/go.mod h1:mBJUNpUnHmRKrKlQQlmCrh5PuhftFbNv8Ys4/aAZl94=
github.com/kylelemons/godebug v1.1.0 h1:RPNrshWIDI6G2gRW9EHilWtl7Z6Sb1BR0xunSBf0SNc=
github.com/kylelemons/godebug v1.1.0/go.mod h1:9/0rRGxNHcop5bhtWyNeEfOS8JIWk580+fNqagV/RAw=
github.com/makiuchi-d/gozxing v0.1.1 h1:xxqijhoedi+/lZlhINteGbywIrewVdVv2wl9r5O9S1I=
github.com/makiuchi-d/gozxing v0.1.1/go.mod h1:eRIHbOjX7QWxLIDJoQuMLhuXg9LAuw6znsUtRkNw9DU=
github.com/mattn/go-colorable v0.1.1/go.mod h1:FuOcm+DKB9mbwrcAfNl7/TZVBZ6rcnceauSikq3lYCQ=
github.com/mattn/go-isatty v0.0.5/go.mod h1:Iq45c/XA43vh69/j3iqttzPXn0bhXyGjM0Hdxcsrc5s=
github.com/mgutz/ansi v0.0.0-20170206155736-9520e82c474b/go.mod h1:01TrycV0kFyexm33Z7vhZRXopbI8J3TDReVlkTgMUxE=
github.com/mitchellh/go-homedir v1.1.0 h1:lukF9ziXFxDFPkA1vsr5zpc1XuPDn/wFntq5mG+4E0Y=
github.com/mitchellh/go-homedir v1.1.0/go.mod h1:SfyaCUpYCn1Vlf4IUYiD9fPX4A5wJrkLzIz1N1q0pr0=
github.com/pschlump/MiscLib v1.0.1/go.mod h1:33BegrXglROGxpDvBSciKSCc1oEKj6oRgJWD5ZEX+ZI=
github.com/pschlump/MiscLib v1.0.3 h1:2F7ZUkWJhBTIM7XaGb8L0bzO1l7jXi/lVFTRWXpElac=
github.com/pschlump/MiscLib v1.0.3/go.mod h1:kNxJuPVgvnv69Yt9Dr6eQgShL4kK7elSA1Nz3/G2eBg=
github.com/pschlump/ReadConfig v1.0.11 h1:UxGkF2zpfYg4VrxkSPCQvdxgt3Dt2sMrcHLencJDMb0=
github.com/pschlump/ReadConfig v1.0.11/go.mod h1:iA3v6CPFXmr/P4kQWtwkJ+dZQ5PVnpGxVqz/pNaonl8=
github.com/pschlump/ansi v1.0.6 h1:mAAZ20uW+pPuULwI6Rekx+f0nUs1F476JPsmgJw2gz4=
github.com/pschlump/ansi v1.0.6/go.mod h1:HL+yF5C/q9zeF4b7yy4IWv1D/YhDvAdASrcvHXIbDlg=
github.com/pschlump/dbgo v1.0.8 h1:kbTQqr09BTcBUg5XE4pMq4/5cPWKbOrwuYt79lkEdKE=
github.com/pschlump/dbgo v1.0.8/go.mod h1:oilvRNL4sTUJDocqan/bbQ6I2td4VGAh1ELNRn3O0cs=
github.com/pschlump/filelib v1.0.12 h1:pB5nVPPBBOaBXlqZoa4LOI9XdCNXcWejHsodJK0mcN0=
github.com/pschlump/filelib v1.0.12/go.mod h1:AOVRf/K+wXgWYhsOc4ioeadyH1ANE3zob/Pgo+hoGGQ=
github.com/pschlump/go-colorable v0.0.23 h1:UdM+V6pg9ww8hsO7/I9YkzjipssckhCKmj+MEKCyTjk=
github.com/pschlump/go-colorable v0.0.23/go.mod h1:78yjz7VlNmkI/IHT0RkrsURw6D9p9RBsEN0nUTqn33w=
github.com/pschlump/go-isatty v0.0.23 h1:kxb8KCqbhWOmt90CLyouSmGB1d4GXCxxohG62/32J/s=
github.com/pschlump/go-isatty v0.0.23/go.mod h1:iSn1Ye2AgCl5orxIQqjqr/KwlTzEVmY2uINz+1yvVW8=
github.com/pschlump/goTemplateTools v1.0.0 h1:QzIiMVlaN5/m9EJFj2PKOYvXeUfCVHmcAI7CKT30HJ8=
github.com/pschlump/goTemplateTools v1.0.0/go.mod h1:zY+2+pNheP2WI1UjSppL2TGV8ttw6OHwueojkFHYR3w=
github.com/pschlump/godebug v1.0.4 h1:X37zf4qXgsQhT4mceDet768mAimjxFDpsis7zEl8A80=
github.com/pschlump/godebug v1.0.4/go.mod h1:0g877qgD7yUdH5NUqp6hg/QTvR0LLIBGpuk7FeUlmWE=
github.com/pschlump/goqrcode v1.0.6 h1:EQ0EpiEKdmE9IEIDW45Wgdcbz8EDhy0dDdwZ6QOvc2c=
github.com/pschlump/goqrcode v1.0.6/go.mod h1:1miY/h7JImbm4mOwlD6vOPi4n4Nc7j6YN+S/zrbA6KY=
github.com/pschlump/htotp v1.0.2 h1:MpzaYxbhRdq3XvLyXjwGhv4rcZ0KVUxbn+6pbiPm8+8=
github.com/pschlump/htotp v1.0.2/go.mod h1:jXpJYbg2gYrion+pldLpKuQdyfyz00qNu82Z4Y07rmk=
github.com/pschlump/json v0.0.0-20180316172947-0d2e6a308e08/go.mod h1:MyeKNxcsYS/AaCqIp6DgPdaE/4NVH49OJVCnQsRoevI=
github.com/pschlump/json v1.12.1 h1:0E7lGxBvv7N+iY4p3/futCjRYAD62qpRL6+DdnZcSXY=
github.com/pschlump/json v1.12.1/go.mod h1:O7hZ/dn2YrWqDT4CG8CJKJCSIv6Z+Lv1wINCA7BHeJA=
github.com/pschlump/json5 v1.0.0 h1:q0a4A7IxGjjIZtadQSc9A2mjtcDliiq9URz5OpXfY4s=
github.com/pschlump/json5 v1.0.0/go.mod h1:RB/C8FaxSTWCqx9YosuDkgMOCNg8ukyEM8ncKms/+Kk=
github.com/pschlump/jsonSyntaxErrorLib v1.0.8 h1:No1l6A3ZwdUq5j4K+lD6OYBsaxy9Mqyd+uJyyzTT0GY=
github.com/pschlump/jsonSyntaxErrorLib v1.0.8/go.mod h1:cUD6WX4u8d57LyYCo5FFp+6wnsq9nzRbnEQhZ/SNd9Q=
github.com/robertkrimen/otto v0.3.0 h1:5RI+8860NSxvXywDY9ddF5HcPw0puRsd8EgbXV0oqRE=
github.com/robertkrimen/otto v0.3.0/go.mod h1:uW9yN1CYflmUQYvAMS0m+ZiNo3dMzRUDQJX0jWbzgxw=
golang.org/x/crypto v0.55.0 h1:+KWHjbgOaAQ66dh/YlkZKHlz9ZUlq61AFirAR9ntP8M=
golang.org/x/crypto v0.55.0/go.mod h1:uq0V9dE/fzQuJtbnL+2EhWOE63vo164FY8xqEnV9xis=
golang.org/x/sys v0.0.0-20190222072716-a9d3bda3a223/go.mod h1:STP8DvDyc/dI5b8T5hshtkjS+E42TnysNCUPdjciGhY=
golang.org/x/sys v0.47.0 h1:o7XGOvZQCADBQQ4Y7VNq2dRWQR7JmOUW8Kxx4ZsNgWs=
golang.org/x/sys v0.47.0/go.mod h1:4GL1E5IUh+htKOUEOaiffhrAeqysfVGipDYzABqnCmw=
golang.org/x/text v0.41.0 h1:vz/seA0lnX87Othu2f/0L24RcgrXD9/YFTSuGjj3rH8=
golang.org/x/text v0.41.0/go.mod h1:jvf1O8ajNzZqhSrQBPbutR/EB83Cc0CFrezNQIwbb5M=
golang.org/x/xerrors v0.0.0-20200804184101-5ec99f83aff1 h1:go1bK/D/BFZV2I8cIQd1NKEZ+0owSTG1fDTci4IqFcE=
golang.org/x/xerrors v0.0.0-20200804184101-5ec99f83aff1/go.mod h1:I/5z698sn9Ka8TeJc9MKroUUfqBBauWjQqLJ2OPfmY0=
gopkg.in/sourcemap.v1 v1.0.5 h1:inv58fC9f9J3TK2Y2R1NPntXEn3/wjWHkonhIUODNTI=
gopkg.in/sourcemap.v1 v1.0.5/go.mod h1:2RlvNNSMglmRrcvhfuzp4hQHwOtjxlbjX7UPY/GXb78=
